// !$*UTF8*$!
{
	archiveVersion = 1;
	classes = {
	};
	objectVersion = 60;
	objects = {

/* Begin PBXBuildFile section */
		AF2044332C383EC500F90ED0 /* MapView.swift in Sources */ = {isa = PBXBuildFile; fileRef = AF2044322C383EC500F90ED0 /* MapView.swift */; };
		AF2044352C3848FE00F90ED0 /* landmarkData.json in Resources */ = {isa = PBXBuildFile; fileRef = AF2044342C3848FE00F90ED0 /* landmarkData.json */; };
		AF2044392C38499C00F90ED0 /* Landmark.swift in Sources */ = {isa = PBXBuildFile; fileRef = AF2044382C38499C00F90ED0 /* Landmark.swift */; };
		AF20443B2C384E7600F90ED0 /* ModelData.swift in Sources */ = {isa = PBXBuildFile; fileRef = AF20443A2C384E7600F90ED0 /* ModelData.swift */; };
		AF6168942C35A45E00CD7613 /* CircleImage.swift in Sources */ = {isa = PBXBuildFile; fileRef = AF6168932C35A45E00CD7613 /* CircleImage.swift */; };
		AF8353032C34696E00204F1F /* LandmarkApp.swift in Sources */ = {isa = PBXBuildFile; fileRef = AF8353022C34696E00204F1F /* LandmarkApp.swift */; };
		AF8353052C34696E00204F1F /* ContentView.swift in Sources */ = {isa = PBXBuildFile; fileRef = AF8353042C34696E00204F1F /* ContentView.swift */; };
		AF8353072C34697100204F1F /* Assets.xcassets in Resources */ = {isa = PBXBuildFile; fileRef = AF8353062C34697100204F1F /* Assets.xcassets */; };
		AF83530A2C34697100204F1F /* Preview Assets.xcassets in Resources */ = {isa = PBXBuildFile; fileRef = AF8353092C34697100204F1F /* Preview Assets.xcassets */; };
		AF8353142C34697100204F1F /* LandmarkTests.swift in Sources */ = {isa = PBXBuildFile; fileRef = AF8353132C34697100204F1F /* LandmarkTests.swift */; };
		AF83531E2C34697100204F1F /* LandmarkUITests.swift in Sources */ = {isa = PBXBuildFile; fileRef = AF83531D2C34697100204F1F /* LandmarkUITests.swift */; };
		AF8353202C34697100204F1F /* LandmarkUITestsLaunchTests.swift in Sources */ = {isa = PBXBuildFile; fileRef = AF83531F2C34697100204F1F /* LandmarkUITestsLaunchTests.swift */; };
		AF94310B2C49DCEB0015F6D3 /* LandmarkRow.swift in Sources */ = {isa = PBXBuildFile; fileRef = AF94310A2C49DCEB0015F6D3 /* LandmarkRow.swift */; };
		AF94310D2C49EB7D0015F6D3 /* LandmarkList.swift in Sources */ = {isa = PBXBuildFile; fileRef = AF94310C2C49EB7D0015F6D3 /* LandmarkList.swift */; };
/* End PBXBuildFile section */

/* Begin PBXContainerItemProxy section */
		AF8353102C34697100204F1F /* PBXContainerItemProxy */ = {
			isa = PBXContainerItemProxy;
			containerPortal = AF8352F72C34696E00204F1F /* Project object */;
			proxyType = 1;
			remoteGlobalIDString = AF8352FE2C34696E00204F1F;
			remoteInfo = Landmark;
		};
		AF83531A2C34697100204F1F /* PBXContainerItemProxy */ = {
			isa = PBXContainerItemProxy;
			containerPortal = AF8352F72C34696E00204F1F /* Project object */;
			proxyType = 1;
			remoteGlobalIDString = AF8352FE2C34696E00204F1F;
			remoteInfo = Landmark;
		};
/* End PBXContainerItemProxy section */

/* Begin PBXFileReference section */
		AF2044322C383EC500F90ED0 /* MapView.swift */ = {isa = PBXFileReference; lastKnownFileType = sourcecode.swift; path = MapView.swift; sourceTree = "<group>"; };
		AF2044342C3848FE00F90ED0 /* landmarkData.json */ = {isa = PBXFileReference; lastKnownFileType = text.json; path = landmarkData.json; sourceTree = "<group>"; };
		AF2044382C38499C00F90ED0 /* Landmark.swift */ = {isa = PBXFileReference; lastKnownFileType = sourcecode.swift; path = Landmark.swift; sourceTree = "<group>"; };
		AF20443A2C384E7600F90ED0 /* ModelData.swift */ = {isa = PBXFileReference; lastKnownFileType = sourcecode.swift; path = ModelData.swift; sourceTree = "<group>"; };
		AF6168932C35A45E00CD7613 /* CircleImage.swift */ = {isa = PBXFileReference; lastKnownFileType = sourcecode.swift; path = CircleImage.swift; sourceTree = "<group>"; };
		AF8352FF2C34696E00204F1F /* Landmark.app */ = {isa = PBXFileReference; explicitFileType = wrapper.application; includeInIndex = 0; path = Landmark.app; sourceTree = BUILT_PRODUCTS_DIR; };
		AF8353022C34696E00204F1F /* LandmarkApp.swift */ = {isa = PBXFileReference; lastKnownFileType = sourcecode.swift; path = LandmarkApp.swift; sourceTree = "<group>"; };
		AF8353042C34696E00204F1F /* ContentView.swift */ = {isa = PBXFileReference; lastKnownFileType = sourcecode.swift; path = ContentView.swift; sourceTree = "<group>"; };
		AF8353062C34697100204F1F /* Assets.xcassets */ = {isa = PBXFileReference; lastKnownFileType = folder.assetcatalog; path = Assets.xcassets; sourceTree = "<group>"; };
		AF8353092C34697100204F1F /* Preview Assets.xcassets */ = {isa = PBXFileReference; lastKnownFileType = folder.assetcatalog; path = "Preview Assets.xcassets"; sourceTree = "<group>"; };
		AF83530F2C34697100204F1F /* LandmarkTests.xctest */ = {isa = PBXFileReference; explicitFileType = wrapper.cfbundle; includeInIndex = 0; path = LandmarkTests.xctest; sourceTree = BUILT_PRODUCTS_DIR; };
		AF8353132C34697100204F1F /* LandmarkTests.swift */ = {isa = PBXFileReference; lastKnownFileType = sourcecode.swift; path = LandmarkTests.swift; sourceTree = "<group>"; };
		AF8353192C34697100204F1F /* LandmarkUITests.xctest */ = {isa = PBXFileReference; explicitFileType = wrapper.cfbundle; includeInIndex = 0; path = LandmarkUITests.xctest; sourceTree = BUILT_PRODUCTS_DIR; };
		AF83531D2C34697100204F1F /* LandmarkUITests.swift */ = {isa = PBXFileReference; lastKnownFileType = sourcecode.swift; path = LandmarkUITests.swift; sourceTree = "<group>"; };
		AF83531F2C34697100204F1F /* LandmarkUITestsLaunchTests.swift */ = {isa = PBXFileReference; lastKnownFileType = sourcecode.swift; path = LandmarkUITestsLaunchTests.swift; sourceTree = "<group>"; };
		AF94310A2C49DCEB0015F6D3 /* LandmarkRow.swift */ = {isa = PBXFileReference; lastKnownFileType = sourcecode.swift; path = LandmarkRow.swift; sourceTree = "<group>"; };
		AF94310C2C49EB7D0015F6D3 /* LandmarkList.swift */ = {isa = PBXFileReference; lastKnownFileType = sourcecode.swift; path = LandmarkList.swift; sourceTree = "<group>"; };
/* End PBXFileReference section */

/* Begin PBXFrameworksBuildPhase section */
		AF8352FC2C34696E00204F1F /* Frameworks */ = {
			isa = PBXFrameworksBuildPhase;
			buildActionMask = 2147483647;
			files = (
			);
			runOnlyForDeploymentPostprocessing = 0;
		};
		AF83530C2C34697100204F1F /* Frameworks */ = {
			isa = PBXFrameworksBuildPhase;
			buildActionMask = 2147483647;
			files = (
			);
			runOnlyForDeploymentPostprocessing = 0;
		};
		AF8353162C34697100204F1F /* Frameworks */ = {
			isa = PBXFrameworksBuildPhase;
			buildActionMask = 2147483647;
			files = (
			);
			runOnlyForDeploymentPostprocessing = 0;
		};
/* End PBXFrameworksBuildPhase section */

/* Begin PBXGroup section */
		AF8352F62C34696E00204F1F = {
			isa = PBXGroup;
			children = (
				AF8353012C34696E00204F1F /* Landmark */,
				AF8353122C34697100204F1F /* LandmarkTests */,
				AF83531C2C34697100204F1F /* LandmarkUITests */,
				AF8353002C34696E00204F1F /* Products */,
			);
			sourceTree = "<group>";
		};
		AF8353002C34696E00204F1F /* Products */ = {
			isa = PBXGroup;
			children = (
				AF8352FF2C34696E00204F1F /* Landmark.app */,
				AF83530F2C34697100204F1F /* LandmarkTests.xctest */,
				AF8353192C34697100204F1F /* LandmarkUITests.xctest */,
			);
			name = Products;
			sourceTree = "<group>";
		};
		AF8353012C34696E00204F1F /* Landmark */ = {
			isa = PBXGroup;
			children = (
				AF8353022C34696E00204F1F /* LandmarkApp.swift */,
				AFCD46332C43409A002C2250 /* Model */,
				AFCD46322C434078002C2250 /* Viwes */,
				AF8353062C34697100204F1F /* Assets.xcassets */,
				AF8353082C34697100204F1F /* Preview Content */,
				AFCD46342C4340C1002C2250 /* Resources */,
			);
			path = Landmark;
			sourceTree = "<group>";
		};
		AF8353082C34697100204F1F /* Preview Content */ = {
			isa = PBXGroup;
			children = (
				AF8353092C34697100204F1F /* Preview Assets.xcassets */,
			);
			path = "Preview Content";
			sourceTree = "<group>";
		};
		AF8353122C34697100204F1F /* LandmarkTests */ = {
			isa = PBXGroup;
			children = (
				AF8353132C34697100204F1F /* LandmarkTests.swift */,
			);
			path = LandmarkTests;
			sourceTree = "<group>";
		};
		AF83531C2C34697100204F1F /* LandmarkUITests */ = {
			isa = PBXGroup;
			children = (
				AF83531D2C34697100204F1F /* LandmarkUITests.swift */,
				AF83531F2C34697100204F1F /* LandmarkUITestsLaunchTests.swift */,
			);
			path = LandmarkUITests;
			sourceTree = "<group>";
		};
		AFCD46322C434078002C2250 /* Viwes */ = {
			isa = PBXGroup;
			children = (
				AF8353042C34696E00204F1F /* ContentView.swift */,
				AF6168932C35A45E00CD7613 /* CircleImage.swift */,
				AF2044322C383EC500F90ED0 /* MapView.swift */,
				AF94310A2C49DCEB0015F6D3 /* LandmarkRow.swift */,
				AF94310C2C49EB7D0015F6D3 /* LandmarkList.swift */,
			);
			path = Viwes;
			sourceTree = "<group>";
		};
		AFCD46332C43409A002C2250 /* Model */ = {
			isa = PBXGroup;
			children = (
				AF2044382C38499C00F90ED0 /* Landmark.swift */,
				AF20443A2C384E7600F90ED0 /* ModelData.swift */,
			);
			path = Model;
			sourceTree = "<group>";
		};
		AFCD46342C4340C1002C2250 /* Resources */ = {
			isa = PBXGroup;
			children = (
				AF2044342C3848FE00F90ED0 /* landmarkData.json */,
			);
			path = Resources;
			sourceTree = "<group>";
		};
/* End PBXGroup section */

/* Begin PBXNativeTarget section */
		AF8352FE2C34696E00204F1F /* Landmark */ = {
			isa = PBXNativeTarget;
			buildConfigurationList = AF8353232C34697100204F1F /* Build configuration list for PBXNativeTarget "Landmark" */;
			buildPhases = (
				AF8352FB2C34696E00204F1F /* Sources */,
				AF8352FC2C34696E00204F1F /* Frameworks */,
				AF8352FD2C34696E00204F1F /* Resources */,
			);
			buildRules = (
			);
			dependencies = (
			);
			name = Landmark;
			productName = Landmark;
			productReference = AF8352FF2C34696E00204F1F /* Landmark.app */;
			productType = "com.apple.product-type.application";
		};
		AF83530E2C34697100204F1F /* LandmarkTests */ = {
			isa = PBXNativeTarget;
			buildConfigurationList = AF8353262C34697100204F1F /* Build configuration list for PBXNativeTarget "LandmarkTests" */;
			buildPhases = (
				AF83530B2C34697100204F1F /* Sources */,
				AF83530C2C34697100204F1F /* Frameworks */,
				AF83530D2C34697100204F1F /* Resources */,
			);
			buildRules = (
			);
			dependencies = (
				AF8353112C34697100204F1F /* PBXTargetDependency */,
			);
			name = LandmarkTests;
			productName = LandmarkTests;
			productReference = AF83530F2C34697100204F1F /* LandmarkTests.xctest */;
			productType = "com.apple.product-type.bundle.unit-test";
		};
		AF8353182C34697100204F1F /* LandmarkUITests */ = {
			isa = PBXNativeTarget;
			buildConfigurationList = AF8353292C34697100204F1F /* Build configuration list for PBXNativeTarget "LandmarkUITests" */;
			buildPhases = (
				AF8353152C34697100204F1F /* Sources */,
				AF8353162C34697100204F1F /* Frameworks */,
				AF8353172C34697100204F1F /* Resources */,
			);
			buildRules = (
			);
			dependencies = (
				AF83531B2C34697100204F1F /* PBXTargetDependency */,
			);
			name = LandmarkUITests;
			productName = LandmarkUITests;
			productReference = AF8353192C34697100204F1F /* LandmarkUITests.xctest */;
			productType = "com.apple.product-type.bundle.ui-testing";
		};
/* End PBXNativeTarget section */

/* Begin PBXProject section */
		AF8352F72C34696E00204F1F /* Project object */ = {
			isa = PBXProject;
			attributes = {
				BuildIndependentTargetsInParallel = 1;
				LastSwiftUpdateCheck = 1600;
				LastUpgradeCheck = 1600;
				TargetAttributes = {
					AF8352FE2C34696E00204F1F = {
						CreatedOnToolsVersion = 16.0;
					};
					AF83530E2C34697100204F1F = {
						CreatedOnToolsVersion = 16.0;
						TestTargetID = AF8352FE2C34696E00204F1F;
					};
					AF8353182C34697100204F1F = {
						CreatedOnToolsVersion = 16.0;
						TestTargetID = AF8352FE2C34696E00204F1F;
					};
				};
			};
			buildConfigurationList = AF8352FA2C34696E00204F1F /* Build configuration list for PBXProject "Landmark" */;
			compatibilityVersion = "Xcode 15.0";
			developmentRegion = en;
			hasScannedForEncodings = 0;
			knownRegions = (
				en,
				Base,
			);
			mainGroup = AF8352F62C34696E00204F1F;
			productRefGroup = AF8353002C34696E00204F1F /* Products */;
			projectDirPath = "";
			projectRoot = "";
			targets = (
				AF8352FE2C34696E00204F1F /* Landmark */,
				AF83530E2C34697100204F1F /* LandmarkTests */,
				AF8353182C34697100204F1F /* LandmarkUITests */,
			);
		};
/* End PBXProject section */

/* Begin PBXResourcesBuildPhase section */
		AF8352FD2C34696E00204F1F /* Resources */ = {
			isa = PBXResourcesBuildPhase;
			buildActionMask = 2147483647;
			files = (
				AF83530A2C34697100204F1F /* Preview Assets.xcassets in Resources */,
				AF8353072C34697100204F1F /* Assets.xcassets in Resources */,
				AF2044352C3848FE00F90ED0 /* landmarkData.json in Resources */,
			);
			runOnlyForDeploymentPostprocessing = 0;
		};
		AF83530D2C34697100204F1F /* Resources */ = {
			isa = PBXResourcesBuildPhase;
			buildActionMask = 2147483647;
			files = (
			);
			runOnlyForDeploymentPostprocessing = 0;
		};
		AF8353172C34697100204F1F /* Resources */ = {
			isa = PBXResourcesBuildPhase;
			buildActionMask = 2147483647;
			files = (
			);
			runOnlyForDeploymentPostprocessing = 0;
		};
/* End PBXResourcesBuildPhase section */

/* Begin PBXSourcesBuildPhase section */
		AF8352FB2C34696E00204F1F /* Sources */ = {
			isa = PBXSourcesBuildPhase;
			buildActionMask = 2147483647;
			files = (
				AF8353052C34696E00204F1F /* ContentView.swift in Sources */,
				AF2044332C383EC500F90ED0 /* MapView.swift in Sources */,
				AF94310B2C49DCEB0015F6D3 /* LandmarkRow.swift in Sources */,
				AF94310D2C49EB7D0015F6D3 /* LandmarkList.swift in Sources */,
				AF8353032C34696E00204F1F /* LandmarkApp.swift in Sources */,
				AF6168942C35A45E00CD7613 /* CircleImage.swift in Sources */,
				AF2044392C38499C00F90ED0 /* Landmark.swift in Sources */,
				AF20443B2C384E7600F90ED0 /* ModelData.swift in Sources */,
			);
			runOnlyForDeploymentPostprocessing = 0;
		};
		AF83530B2C34697100204F1F /* Sources */ = {
			isa = PBXSourcesBuildPhase;
			buildActionMask = 2147483647;
			files = (
				AF8353142C34697100204F1F /* LandmarkTests.swift in Sources */,
			);
			runOnlyForDeploymentPostprocessing = 0;
		};
		AF8353152C34697100204F1F /* Sources */ = {
			isa = PBXSourcesBuildPhase;
			buildActionMask = 2147483647;
			files = (
				AF8353202C34697100204F1F /* LandmarkUITestsLaunchTests.swift in Sources */,
				AF83531E2C34697100204F1F /* LandmarkUITests.swift in Sources */,
			);
			runOnlyForDeploymentPostprocessing = 0;
		};
/* End PBXSourcesBuildPhase section */

/* Begin PBXTargetDependency section */
		AF8353112C34697100204F1F /* PBXTargetDependency */ = {
			isa = PBXTargetDependency;
			target = AF8352FE2C34696E00204F1F /* Landmark */;
			targetProxy = AF8353102C34697100204F1F /* PBXContainerItemProxy */;
		};
		AF83531B2C34697100204F1F /* PBXTargetDependency */ = {
			isa = PBXTargetDependency;
			target = AF8352FE2C34696E00204F1F /* Landmark */;
			targetProxy = AF83531A2C34697100204F1F /* PBXContainerItemProxy */;
		};
/* End PBXTargetDependency section */

/* Begin XCBuildConfiguration section */
		AF8353212C34697100204F1F /* Debug */ = {
			isa = XCBuildConfiguration;
			buildSettings = {
				ALWAYS_SEARCH_USER_PATHS = NO;
				ASSETCATALOG_COMPILER_GENERATE_SWIFT_ASSET_SYMBOL_EXTENSIONS = YES;
				CLANG_ANALYZER_NONNULL = YES;
				CLANG_ANALYZER_NUMBER_OBJECT_CONVERSION = YES_AGGRESSIVE;
				CLANG_CXX_LANGUAGE_STANDARD = "gnu++20";
				CLANG_ENABLE_MODULES = YES;
				CLANG_ENABLE_OBJC_ARC = YES;
				CLANG_ENABLE_OBJC_WEAK = YES;
				CLANG_WARN_BLOCK_CAPTURE_AUTORELEASING = YES;
				CLANG_WARN_BOOL_CONVERSION = YES;
				CLANG_WARN_COMMA = YES;
				CLANG_WARN_CONSTANT_CONVERSION = YES;
				CLANG_WARN_DEPRECATED_OBJC_IMPLEMENTATIONS = YES;
				CLANG_WARN_DIRECT_OBJC_ISA_USAGE = YES_ERROR;
				CLANG_WARN_DOCUMENTATION_COMMENTS = YES;
				CLANG_WARN_EMPTY_BODY = YES;
				CLANG_WARN_ENUM_CONVERSION = YES;
				CLANG_WARN_INFINITE_RECURSION = YES;
				CLANG_WARN_INT_CONVERSION = YES;
				CLANG_WARN_NON_LITERAL_NULL_CONVERSION = YES;
				CLANG_WARN_OBJC_IMPLICIT_RETAIN_SELF = YES;
				CLANG_WARN_OBJC_LITERAL_CONVERSION = YES;
				CLANG_WARN_OBJC_ROOT_CLASS = YES_ERROR;
				CLANG_WARN_QUOTED_INCLUDE_IN_FRAMEWORK_HEADER = YES;
				CLANG_WARN_RANGE_LOOP_ANALYSIS = YES;
				CLANG_WARN_STRICT_PROTOTYPES = YES;
				CLANG_WARN_SUSPICIOUS_MOVE = YES;
				CLANG_WARN_UNGUARDED_AVAILABILITY = YES_AGGRESSIVE;
				CLANG_WARN_UNREACHABLE_CODE = YES;
				CLANG_WARN__DUPLICATE_METHOD_MATCH = YES;
				COPY_PHASE_STRIP = NO;
				DEBUG_INFORMATION_FORMAT = dwarf;
				ENABLE_STRICT_OBJC_MSGSEND = YES;
				ENABLE_TESTABILITY = YES;
				ENABLE_USER_SCRIPT_SANDBOXING = YES;
				GCC_C_LANGUAGE_STANDARD = gnu17;
				GCC_DYNAMIC_NO_PIC = NO;
				GCC_NO_COMMON_BLOCKS = YES;
				GCC_OPTIMIZATION_LEVEL = 0;
				GCC_PREPROCESSOR_DEFINITIONS = (
					"DEBUG=1",
					"$(inherited)",
				);
				GCC_WARN_64_TO_32_BIT_CONVERSION = YES;
				GCC_WARN_ABOUT_RETURN_TYPE = YES_ERROR;
				GCC_WARN_UNDECLARED_SELECTOR = YES;
				GCC_WARN_UNINITIALIZED_AUTOS = YES_AGGRESSIVE;
				GCC_WARN_UNUSED_FUNCTION = YES;
				GCC_WARN_UNUSED_VARIABLE = YES;
				IPHONEOS_DEPLOYMENT_TARGET = 18.0;
				LOCALIZATION_PREFERS_STRING_CATALOGS = YES;
				MTL_ENABLE_DEBUG_INFO = INCLUDE_SOURCE;
				MTL_FAST_MATH = YES;
				ONLY_ACTIVE_ARCH = YES;
				SDKROOT = iphoneos;
				SWIFT_ACTIVE_COMPILATION_CONDITIONS = "DEBUG $(inherited)";
				SWIFT_OPTIMIZATION_LEVEL = "-Onone";
			};
			name = Debug;
		};
		AF8353222C34697100204F1F /* Release */ = {
			isa = XCBuildConfiguration;
			buildSettings = {
				ALWAYS_SEARCH_USER_PATHS = NO;
				ASSETCATALOG_COMPILER_GENERATE_SWIFT_ASSET_SYMBOL_EXTENSIONS = YES;
				CLANG_ANALYZER_NONNULL = YES;
				CLANG_ANALYZER_NUMBER_OBJECT_CONVERSION = YES_AGGRESSIVE;
				CLANG_CXX_LANGUAGE_STANDARD = "gnu++20";
				CLANG_ENABLE_MODULES = YES;
				CLANG_ENABLE_OBJC_ARC = YES;
				CLANG_ENABLE_OBJC_WEAK = YES;
				CLANG_WARN_BLOCK_CAPTURE_AUTORELEASING = YES;
				CLANG_WARN_BOOL_CONVERSION = YES;
				CLANG_WARN_COMMA = YES;
				CLANG_WARN_CONSTANT_CONVERSION = YES;
				CLANG_WARN_DEPRECATED_OBJC_IMPLEMENTATIONS = YES;
				CLANG_WARN_DIRECT_OBJC_ISA_USAGE = YES_ERROR;
				CLANG_WARN_DOCUMENTATION_COMMENTS = YES;
				CLANG_WARN_EMPTY_BODY = YES;
				CLANG_WARN_ENUM_CONVERSION = YES;
				CLANG_WARN_INFINITE_RECURSION = YES;
				CLANG_WARN_INT_CONVERSION = YES;
				CLANG_WARN_NON_LITERAL_NULL_CONVERSION = YES;
				CLANG_WARN_OBJC_IMPLICIT_RETAIN_SELF = YES;
				CLANG_WARN_OBJC_LITERAL_CONVERSION = YES;
				CLANG_WARN_OBJC_ROOT_CLASS = YES_ERROR;
				CLANG_WARN_QUOTED_INCLUDE_IN_FRAMEWORK_HEADER = YES;
				CLANG_WARN_RANGE_LOOP_ANALYSIS = YES;
				CLANG_WARN_STRICT_PROTOTYPES = YES;
				CLANG_WARN_SUSPICIOUS_MOVE = YES;
				CLANG_WARN_UNGUARDED_AVAILABILITY = YES_AGGRESSIVE;
				CLANG_WARN_UNREACHABLE_CODE = YES;
				CLANG_WARN__DUPLICATE_METHOD_MATCH = YES;
				COPY_PHASE_STRIP = NO;
				DEBUG_INFORMATION_FORMAT = "dwarf-with-dsym";
				ENABLE_NS_ASSERTIONS = NO;
				ENABLE_STRICT_OBJC_MSGSEND = YES;
				ENABLE_USER_SCRIPT_SANDBOXING = YES;
				GCC_C_LANGUAGE_STANDARD = gnu17;
				GCC_NO_COMMON_BLOCKS = YES;
				GCC_WARN_64_TO_32_BIT_CONVERSION = YES;
				GCC_WARN_ABOUT_RETURN_TYPE = YES_ERROR;
				GCC_WARN_UNDECLARED_SELECTOR = YES;
				GCC_WARN_UNINITIALIZED_AUTOS = YES_AGGRESSIVE;
				GCC_WARN_UNUSED_FUNCTION = YES;
				GCC_WARN_UNUSED_VARIABLE = YES;
				IPHONEOS_DEPLOYMENT_TARGET = 18.0;
				LOCALIZATION_PREFERS_STRING_CATALOGS = YES;
				MTL_ENABLE_DEBUG_INFO = NO;
				MTL_FAST_MATH = YES;
				SDKROOT = iphoneos;
				SWIFT_COMPILATION_MODE = wholemodule;
				VALIDATE_PRODUCT = YES;
			};
			name = Release;
		};
		AF8353242C34697100204F1F /* Debug */ = {
			isa = XCBuildConfiguration;
			buildSettings = {
				ASSETCATALOG_COMPILER_APPICON_NAME = AppIcon;
				ASSETCATALOG_COMPILER_GLOBAL_ACCENT_COLOR_NAME = AccentColor;
				CODE_SIGN_STYLE = Automatic;
				CURRENT_PROJECT_VERSION = 1;
				DEVELOPMENT_ASSET_PATHS = "\"Landmark/Preview Content\"";
				ENABLE_PREVIEWS = YES;
				GENERATE_INFOPLIST_FILE = YES;
				INFOPLIST_KEY_UIApplicationSceneManifest_Generation = YES;
				INFOPLIST_KEY_UIApplicationSupportsIndirectInputEvents = YES;
				INFOPLIST_KEY_UILaunchScreen_Generation = YES;
				INFOPLIST_KEY_UISupportedInterfaceOrientations_iPad = "UIInterfaceOrientationPortrait UIInterfaceOrientationPortraitUpsideDown UIInterfaceOrientationLandscapeLeft UIInterfaceOrientationLandscapeRight";
				INFOPLIST_KEY_UISupportedInterfaceOrientations_iPhone = "UIInterfaceOrientationPortrait UIInterfaceOrientationLandscapeLeft UIInterfaceOrientationLandscapeRight";
				LD_RUNPATH_SEARCH_PATHS = (
					"$(inherited)",
					"@executable_path/Frameworks",
				);
				MARKETING_VERSION = 1.0;
				PRODUCT_BUNDLE_IDENTIFIER = heykalsayid.Landmark;
				PRODUCT_NAME = "$(TARGET_NAME)";
				SWIFT_EMIT_LOC_STRINGS = YES;
				SWIFT_VERSION = 5.0;
				TARGETED_DEVICE_FAMILY = "1,2";
			};
			name = Debug;
		};
		AF8353252C34697100204F1F /* Release */ = {
			isa = XCBuildConfiguration;
			buildSettings = {
				ASSETCATALOG_COMPILER_APPICON_NAME = AppIcon;
				ASSETCATALOG_COMPILER_GLOBAL_ACCENT_COLOR_NAME = AccentColor;
				CODE_SIGN_STYLE = Automatic;
				CURRENT_PROJECT_VERSION = 1;
				DEVELOPMENT_ASSET_PATHS = "\"Landmark/Preview Content\"";
				ENABLE_PREVIEWS = YES;
				GENERATE_INFOPLIST_FILE = YES;
				INFOPLIST_KEY_UIApplicationSceneManifest_Generation = YES;
				INFOPLIST_KEY_UIApplicationSupportsIndirectInputEvents = YES;
				INFOPLIST_KEY_UILaunchScreen_Generation = YES;
				INFOPLIST_KEY_UISupportedInterfaceOrientations_iPad = "UIInterfaceOrientationPortrait UIInterfaceOrientationPortraitUpsideDown UIInterfaceOrientationLandscapeLeft UIInterfaceOrientationLandscapeRight";
				INFOPLIST_KEY_UISupportedInterfaceOrientations_iPhone = "UIInterfaceOrientationPortrait UIInterfaceOrientationLandscapeLeft UIInterfaceOrientationLandscapeRight";
				LD_RUNPATH_SEARCH_PATHS = (
					"$(inherited)",
					"@executable_path/Frameworks",
				);
				MARKETING_VERSION = 1.0;
				PRODUCT_BUNDLE_IDENTIFIER = heykalsayid.Landmark;
				PRODUCT_NAME = "$(TARGET_NAME)";
				SWIFT_EMIT_LOC_STRINGS = YES;
				SWIFT_VERSION = 5.0;
				TARGETED_DEVICE_FAMILY = "1,2";
			};
			name = Release;
		};
		AF8353272C34697100204F1F /* Debug */ = {
			isa = XCBuildConfiguration;
			buildSettings = {
				BUNDLE_LOADER = "$(TEST_HOST)";
				CODE_SIGN_STYLE = Automatic;
				CURRENT_PROJECT_VERSION = 1;
				GENERATE_INFOPLIST_FILE = YES;
				IPHONEOS_DEPLOYMENT_TARGET = 18.0;
				MARKETING_VERSION = 1.0;
				PRODUCT_BUNDLE_IDENTIFIER = heykalsayid.LandmarkTests;
				PRODUCT_NAME = "$(TARGET_NAME)";
				SWIFT_EMIT_LOC_STRINGS = NO;
				SWIFT_VERSION = 5.0;
				TARGETED_DEVICE_FAMILY = "1,2";
				TEST_HOST = "$(BUILT_PRODUCTS_DIR)/Landmark.app/$(BUNDLE_EXECUTABLE_FOLDER_PATH)/Landmark";
			};
			name = Debug;
		};
		AF8353282C34697100204F1F /* Release */ = {
			isa = XCBuildConfiguration;
			buildSettings = {
				BUNDLE_LOADER = "$(TEST_HOST)";
				CODE_SIGN_STYLE = Automatic;
				CURRENT_PROJECT_VERSION = 1;
				GENERATE_INFOPLIST_FILE = YES;
				IPHONEOS_DEPLOYMENT_TARGET = 18.0;
				MARKETING_VERSION = 1.0;
				PRODUCT_BUNDLE_IDENTIFIER = heykalsayid.LandmarkTests;
				PRODUCT_NAME = "$(TARGET_NAME)";
				SWIFT_EMIT_LOC_STRINGS = NO;
				SWIFT_VERSION = 5.0;
				TARGETED_DEVICE_FAMILY = "1,2";
				TEST_HOST = "$(BUILT_PRODUCTS_DIR)/Landmark.app/$(BUNDLE_EXECUTABLE_FOLDER_PATH)/Landmark";
			};
			name = Release;
		};
		AF83532A2C34697100204F1F /* Debug */ = {
			isa = XCBuildConfiguration;
			buildSettings = {
				CODE_SIGN_STYLE = Automatic;
				CURRENT_PROJECT_VERSION = 1;
				GENERATE_INFOPLIST_FILE = YES;
				MARKETING_VERSION = 1.0;
				PRODUCT_BUNDLE_IDENTIFIER = heykalsayid.LandmarkUITests;
				PRODUCT_NAME = "$(TARGET_NAME)";
				SWIFT_EMIT_LOC_STRINGS = NO;
				SWIFT_VERSION = 5.0;
				TARGETED_DEVICE_FAMILY = "1,2";
				TEST_TARGET_NAME = Landmark;
			};
			name = Debug;
		};
		AF83532B2C34697100204F1F /* Release */ = {
			isa = XCBuildConfiguration;
			buildSettings = {
				CODE_SIGN_STYLE = Automatic;
				CURRENT_PROJECT_VERSION = 1;
				GENERATE_INFOPLIST_FILE = YES;
				MARKETING_VERSION = 1.0;
				PRODUCT_BUNDLE_IDENTIFIER = heykalsayid.LandmarkUITests;
				PRODUCT_NAME = "$(TARGET_NAME)";
				SWIFT_EMIT_LOC_STRINGS = NO;
				SWIFT_VERSION = 5.0;
				TARGETED_DEVICE_FAMILY = "1,2";
				TEST_TARGET_NAME = Landmark;
			};
			name = Release;
		};
/* End XCBuildConfiguration section */

/* Begin XCConfigurationList section */
		AF8352FA2C34696E00204F1F /* Build configuration list for PBXProject "Landmark" */ = {
			isa = XCConfigurationList;
			buildConfigurations = (
				AF8353212C34697100204F1F /* Debug */,
				AF8353222C34697100204F1F /* Release */,
			);
			defaultConfigurationIsVisible = 0;
			defaultConfigurationName = Release;
		};
		AF8353232C34697100204F1F /* Build configuration list for PBXNativeTarget "Landmark" */ = {
			isa = XCConfigurationList;
			buildConfigurations = (
				AF8353242C34697100204F1F /* Debug */,
				AF8353252C34697100204F1F /* Release */,
			);
			defaultConfigurationIsVisible = 0;
			defaultConfigurationName = Release;
		};
		AF8353262C34697100204F1F /* Build configuration list for PBXNativeTarget "LandmarkTests" */ = {
			isa = XCConfigurationList;
			buildConfigurations = (
				AF8353272C34697100204F1F /* Debug */,
				AF8353282C34697100204F1F /* Release */,
			);
			defaultConfigurationIsVisible = 0;
			defaultConfigurationName = Release;
		};
		AF8353292C34697100204F1F /* Build configuration list for PBXNativeTarget "LandmarkUITests" */ = {
			isa = XCConfigurationList;
			buildConfigurations = (
				AF83532A2C34697100204F1F /* Debug */,
				AF83532B2C34697100204F1F /* Release */,
			);
			defaultConfigurationIsVisible = 0;
			defaultConfigurationName = Release;
		};
/* End XCConfigurationList section */
	};
	rootObject = AF8352F72C34696E00204F1F /* Project object */;
}
